
Microsoft Visual Studio Solution File, Format Version 12.00
# Visual Studio Version 17
VisualStudioVersion = 17.5.33103.201
MinimumVisualStudioVersion = 10.0.40219.1
Project("{9A19103F-16F7-4668-BE54-9A1E7A4F7556}") = "FluentType.Playground", "FluentType.Playground\FluentType.Playground.csproj", "{6F2B0814-D001-4CCD-81A0-AB1226EF5D60}"
EndProject
Project("{9A19103F-16F7-4668-BE54-9A1E7A4F7556}") = "FluentType.Benchmarks", "FluentType.Benchmarks\FluentType.Benchmarks.csproj", "{63BCC1A7-CD97-4990-BDFB-AFA0585D9410}"
EndProject
Project("{2150E333-8FDC-42A3-9474-1A3956D46DE8}") = "Solution Items", "Solution Items", "{0FD893A2-2A37-4E40-A600-55C9A3BD476D}"
	ProjectSection(SolutionItems) = preProject
		.editorconfig = .editorconfig
		Directory.Build.props = Directory.Build.props
		README.md = README.md
	EndProjectSection
EndProject
Global
	GlobalSection(SolutionConfigurationPlatforms) = preSolution
		Debug|Any CPU = Debug|Any CPU
		Release|Any CPU = Release|Any CPU
	EndGlobalSection
	GlobalSection(ProjectConfigurationPlatforms) = postSolution
		{6F2B0814-D001-4CCD-81A0-AB1226EF5D60}.Debug|Any CPU.ActiveCfg = Debug|Any CPU
		{6F2B0814-D001-4CCD-81A0-AB1226EF5D60}.Debug|Any CPU.Build.0 = Debug|Any CPU
		{6F2B0814-D001-4CCD-81A0-AB1226EF5D60}.Release|Any CPU.ActiveCfg = Release|Any CPU
		{6F2B0814-D001-4CCD-81A0-AB1226EF5D60}.Release|Any CPU.Build.0 = Release|Any CPU
		{63BCC1A7-CD97-4990-BDFB-AFA0585D9410}.Debug|Any CPU.ActiveCfg = Debug|Any CPU
		{63BCC1A7-CD97-4990-BDFB-AFA0585D9410}.Debug|Any CPU.Build.0 = Debug|Any CPU
		{63BCC1A7-CD97-4990-BDFB-AFA0585D9410}.Release|Any CPU.ActiveCfg = Release|Any CPU
		{63BCC1A7-CD97-4990-BDFB-AFA0585D9410}.Release|Any CPU.Build.0 = Release|Any CPU
	EndGlobalSection
	GlobalSection(SolutionProperties) = preSolution
		HideSolutionNode = FALSE
	EndGlobalSection
	GlobalSection(ExtensibilityGlobals) = postSolution
		SolutionGuid = {E710748B-E04D-438A-B4E9-FDB6727EF64C}
	EndGlobalSection
EndGlobal
